
Microsoft Visual Studio Solution File, Format Version 12.00
# Visual Studio 15
VisualStudioVersion = 15.0.28307.1433
MinimumVisualStudioVersion = 10.0.40219.1
Project("{FAE04EC0-301F-11D3-BF4B-00C04F79EFBC}") = "OMaior", "OMaior\OMaior.csproj", "{4F9231EF-1C34-4BFD-9F5B-17FA848E7806}"
EndProject
Global
	GlobalSection(SolutionConfigurationPlatforms) = preSolution
		Debug|Any CPU = Debug|Any CPU
		Release|Any CPU = Release|Any CPU
	EndGlobalSection
	GlobalSection(ProjectConfigurationPlatforms) = postSolution
		{4F9231EF-1C34-4BFD-9F5B-17FA848E7806}.Debug|Any CPU.ActiveCfg = Debug|Any CPU
		{4F9231EF-1C34-4BFD-9F5B-17FA848E7806}.Debug|Any CPU.Build.0 = Debug|Any CPU
		{4F9231EF-1C34-4BFD-9F5B-17FA848E7806}.Release|Any CPU.ActiveCfg = Release|Any CPU
		{4F9231EF-1C34-4BFD-9F5B-17FA848E7806}.Release|Any CPU.Build.0 = Release|Any CPU
	EndGlobalSection
	GlobalSection(SolutionProperties) = preSolution
		HideSolutionNode = FALSE
	EndGlobalSection
	GlobalSection(ExtensibilityGlobals) = postSolution
		SolutionGuid = {6FAB95D2-DB29-4E19-9A85-4DD6901D5EBE}
	EndGlobalSection
EndGlobal
